
Microsoft Visual Studio Solution File, Format Version 12.00
# Visual Studio 15
VisualStudioVersion = 15.0.28306.52
MinimumVisualStudioVersion = 10.0.40219.1
Project("{FAE04EC0-301F-11D3-BF4B-00C04F79EFBC}") = "InspectionApp", "InspectionApp\InspectionApp.csproj", "{BDBE8B3D-0894-4104-BBDE-0E1EC8336224}"
EndProject
Global
	GlobalSection(SolutionConfigurationPlatforms) = preSolution
		Debug|Any CPU = Debug|Any CPU
		Release|Any CPU = Release|Any CPU
	EndGlobalSection
	GlobalSection(ProjectConfigurationPlatforms) = postSolution
		{BDBE8B3D-0894-4104-BBDE-0E1EC8336224}.Debug|Any CPU.ActiveCfg = Debug|Any CPU
		{BDBE8B3D-0894-4104-BBDE-0E1EC8336224}.Debug|Any CPU.Build.0 = Debug|Any CPU
		{BDBE8B3D-0894-4104-BBDE-0E1EC8336224}.Release|Any CPU.ActiveCfg = Release|Any CPU
		{BDBE8B3D-0894-4104-BBDE-0E1EC8336224}.Release|Any CPU.Build.0 = Release|Any CPU
	EndGlobalSection
	GlobalSection(SolutionProperties) = preSolution
		HideSolutionNode = FALSE
	EndGlobalSection
	GlobalSection(ExtensibilityGlobals) = postSolution
		SolutionGuid = {19712E4B-1BD8-4B9E-BE5E-FE2E2A2E9707}
	EndGlobalSection
EndGlobal
